<?xml version="1.0" encoding="utf-8"?>
<Project ToolsVersion="4.0" xmlns="http://schemas.microsoft.com/developer/msbuild/2003">
  <ItemGroup>
    <Filter Include="源文件">
      <UniqueIdentifier>{4FC737F1-C7A5-4376-A066-2A32D752A2FF}</UniqueIdentifier>
      <Extensions>cpp;c;cc;cxx;def;odl;idl;hpj;bat;asm;asmx</Extensions>
    </Filter>
    <Filter Include="头文件">
      <UniqueIdentifier>{93995380-89BD-4b04-88EB-625FBE52EBFB}</UniqueIdentifier>
      <Extensions>h;hh;hpp;hxx;hm;inl;inc;ipp;xsd</Extensions>
    </Filter>
    <Filter Include="资源文件">
      <UniqueIdentifier>{67DA6AB6-F800-4c08-8B7A-83BB121AAD01}</UniqueIdentifier>
      <Extensions>rc;ico;cur;bmp;dlg;rc2;rct;bin;rgs;gif;jpg;jpeg;jpe;resx;tiff;tif;png;wav;mfcribbon-ms</Extensions>
    </Filter>
  </ItemGroup>
  <ItemGroup>
    <ClInclude Include="adcensuscv.h">
      <Filter>头文件</Filter>
    </ClInclude>
    <ClInclude Include="aggregation.h">
      <Filter>头文件</Filter>
    </ClInclude>
    <ClInclude Include="common.h">
      <Filter>头文件</Filter>
    </ClInclude>
    <ClInclude Include="disparityrefinement.h">
      <Filter>头文件</Filter>
    </ClInclude>
    <ClInclude Include="imageprocessor.h">
      <Filter>头文件</Filter>
    </ClInclude>
    <ClInclude Include="scanlineoptimization.h">
      <Filter>头文件</Filter>
    </ClInclude>
    <ClInclude Include="stereoprocessor.h">
      <Filter>头文件</Filter>
    </ClInclude>
  </ItemGroup>
  <ItemGroup>
    <ClCompile Include="adcensuscv.cpp">
      <Filter>源文件</Filter>
    </ClCompile>
    <ClCompile Include="aggregation.cpp">
      <Filter>源文件</Filter>
    </ClCompile>
    <ClCompile Include="disparityrefinement.cpp">
      <Filter>源文件</Filter>
    </ClCompile>
    <ClCompile Include="imageprocessor.cpp">
      <Filter>源文件</Filter>
    </ClCompile>
    <ClCompile Include="main.cpp">
      <Filter>源文件</Filter>
    </ClCompile>
    <ClCompile Include="scanlineoptimization.cpp">
      <Filter>源文件</Filter>
    </ClCompile>
    <ClCompile Include="stereoprocessor.cpp">
      <Filter>源文件</Filter>
    </ClCompile>
  </ItemGroup>
</Project>