<?xml version="1.0" encoding="utf-8"?>
<Project ToolsVersion="4.0" xmlns="http://schemas.microsoft.com/developer/msbuild/2003">
  <ItemGroup>
    <Filter Include="Source Files">
      <UniqueIdentifier>{4FC737F1-C7A5-4376-A066-2A32D752A2FF}</UniqueIdentifier>
      <Extensions>cpp;c;cc;cxx;def;odl;idl;hpj;bat;asm;asmx</Extensions>
    </Filter>
    <Filter Include="Header Files">
      <UniqueIdentifier>{93995380-89BD-4b04-88EB-625FBE52EBFB}</UniqueIdentifier>
      <Extensions>h;hh;hpp;hxx;hm;inl;inc;xsd</Extensions>
    </Filter>
    <Filter Include="Resource Files">
      <UniqueIdentifier>{D9D6E242-F8AF-46E4-B9FD-80ECBC20BA3E}</UniqueIdentifier>
      <Extensions>qrc;*</Extensions>
      <ParseFiles>false</ParseFiles>
    </Filter>
    <Filter Include="Resource Files">
      <UniqueIdentifier>{D9D6E242-F8AF-46E4-B9FD-80ECBC20BA3E}</UniqueIdentifier>
      <Extensions>qrc;*</Extensions>
      <ParseFiles>false</ParseFiles>
    </Filter>
    <Filter Include="Generated Files">
      <UniqueIdentifier>{71ED8ED8-ACB9-4CE9-BBE1-E00B30144E11}</UniqueIdentifier>
      <Extensions>moc;h;cpp</Extensions>
      <SourceControlFiles>False</SourceControlFiles>
    </Filter>
    <Filter Include="Form Files">
      <UniqueIdentifier>{99349809-55BA-4b9d-BF79-8FDBB0286EB3}</UniqueIdentifier>
      <Extensions>ui</Extensions>
      <ParseFiles>true</ParseFiles>
    </Filter>
    <Filter Include="include">
      <UniqueIdentifier>{f7abcd89-00b3-4693-a3ea-5b881f04bc35}</UniqueIdentifier>
    </Filter>
  </ItemGroup>
  <ItemGroup>
    <ClCompile Include="Evision3dViz.cpp">
      <Filter>Source Files</Filter>
    </ClCompile>
    <ClCompile Include="GeneratedFiles\qrc_Evision3dViz.cpp">
      <Filter>Generated Files</Filter>
    </ClCompile>
    <ClCompile Include="Evision3dVizFactory.cpp">
      <Filter>Source Files</Filter>
    </ClCompile>
  </ItemGroup>
  <ItemGroup>
    <ClInclude Include="GeneratedFiles\ui_Evision3dViz.h">
      <Filter>Generated Files</Filter>
    </ClInclude>
  </ItemGroup>
  <ItemGroup>
    <QtUic Include="Evision3dViz.ui">
      <Filter>Form Files</Filter>
    </QtUic>
  </ItemGroup>
  <ItemGroup>
    <Image Include="Resources\about.png">
      <Filter>Resource Files</Filter>
    </Image>
    <Image Include="Resources\add.png">
      <Filter>Resource Files</Filter>
    </Image>
    <Image Include="Resources\angle view.png">
      <Filter>Resource Files</Filter>
    </Image>
    <Image Include="Resources\bgcolor.png">
      <Filter>Resource Files</Filter>
    </Image>
    <Image Include="Resources\change.png">
      <Filter>Resource Files</Filter>
    </Image>
    <Image Include="Resources\clear.png">
      <Filter>Resource Files</Filter>
    </Image>
    <Image Include="Resources\cube.png">
      <Filter>Resource Files</Filter>
    </Image>
    <Image Include="Resources\cylinder.png">
      <Filter>Resource Files</Filter>
    </Image>
    <Image Include="Resources\exit.png">
      <Filter>Resource Files</Filter>
    </Image>
    <Image Include="Resources\frame.png">
      <Filter>Resource Files</Filter>
    </Image>
    <Image Include="Resources\fushi.png">
      <Filter>Resource Files</Filter>
    </Image>
    <Image Include="Resources\help.png">
      <Filter>Resource Files</Filter>
    </Image>
    <Image Include="Resources\icon.ico">
      <Filter>Resource Files</Filter>
    </Image>
    <Image Include="Resources\icon.png">
      <Filter>Resource Files</Filter>
    </Image>
    <Image Include="Resources\language.png">
      <Filter>Resource Files</Filter>
    </Image>
    <Image Include="Resources\mesh.png">
      <Filter>Resource Files</Filter>
    </Image>
    <Image Include="Resources\open.png">
      <Filter>Resource Files</Filter>
    </Image>
    <Image Include="Resources\pointcolor.png">
      <Filter>Resource Files</Filter>
    </Image>
    <Image Include="Resources\save.png">
      <Filter>Resource Files</Filter>
    </Image>
    <Image Include="Resources\saveBinary.png">
      <Filter>Resource Files</Filter>
    </Image>
    <Image Include="Resources\shape.png">
      <Filter>Resource Files</Filter>
    </Image>
    <Image Include="Resources\sphere.png">
      <Filter>Resource Files</Filter>
    </Image>
    <Image Include="Resources\theme.png">
      <Filter>Resource Files</Filter>
    </Image>
    <Image Include="Resources\zhengshi.png">
      <Filter>Resource Files</Filter>
    </Image>
    <Image Include="Resources\zuoshi.png">
      <Filter>Resource Files</Filter>
    </Image>
    <Image Include="Resources\roam_color_128px_1186912_easyicon.net.png">
      <Filter>Resource Files</Filter>
    </Image>
  </ItemGroup>
  <ItemGroup>
    <QtRcc Include="Evision3dViz.qrc">
      <Filter>Resource Files</Filter>
    </QtRcc>
  </ItemGroup>
  <ItemGroup>
    <QtMoc Include="Evision3dViz.h">
      <Filter>Header Files</Filter>
    </QtMoc>
    <QtMoc Include="include\Evision3dVizFactory.h">
      <Filter>include</Filter>
    </QtMoc>
  </ItemGroup>
</Project>