<?xml version="1.0" encoding="utf-8"?>
<Project ToolsVersion="4.0" xmlns="http://schemas.microsoft.com/developer/msbuild/2003">
  <ItemGroup>
    <Filter Include="Resource Files">
      <UniqueIdentifier>{D9D6E242-F8AF-46E4-B9FD-80ECBC20BA3E}</UniqueIdentifier>
      <Extensions>qrc;*</Extensions>
      <ParseFiles>false</ParseFiles>
    </Filter>
    <Filter Include="Form Files">
      <UniqueIdentifier>{99349809-55BA-4b9d-BF79-8FDBB0286EB3}</UniqueIdentifier>
      <Extensions>ui</Extensions>
    </Filter>
    <Filter Include="Resource Files">
      <UniqueIdentifier>{D9D6E242-F8AF-46E4-B9FD-80ECBC20BA3E}</UniqueIdentifier>
      <Extensions>qrc;*</Extensions>
      <ParseFiles>false</ParseFiles>
    </Filter>
    <Filter Include="View">
      <UniqueIdentifier>{e9afc5d5-fc64-4c7f-ad7a-d1113cd335d3}</UniqueIdentifier>
    </Filter>
    <Filter Include="Engine">
      <UniqueIdentifier>{affe819a-e427-4069-ad49-c18915976a3c}</UniqueIdentifier>
    </Filter>
    <Filter Include="Controller">
      <UniqueIdentifier>{186620d0-9af5-409f-800d-d887a2447d07}</UniqueIdentifier>
    </Filter>
    <Filter Include="Entity">
      <UniqueIdentifier>{1586942d-eae7-4787-8822-aeb3d2a7f05e}</UniqueIdentifier>
    </Filter>
    <Filter Include="Utils">
      <UniqueIdentifier>{55e13187-222f-48ce-9542-bda30c87c4a7}</UniqueIdentifier>
    </Filter>
    <Filter Include="main">
      <UniqueIdentifier>{15b6209d-5425-4ba7-b6f3-d0c1863374dd}</UniqueIdentifier>
    </Filter>
  </ItemGroup>
  <ItemGroup>
    <ClCompile Include="EvisionController.cpp">
      <Filter>Controller</Filter>
    </ClCompile>
    <ClCompile Include="EvisionParamEntity.cpp">
      <Filter>Entity</Filter>
    </ClCompile>
    <ClCompile Include="EvisionUtils.cpp">
      <Filter>Utils</Filter>
    </ClCompile>
    <ClCompile Include="EvisionView.cpp">
      <Filter>View</Filter>
    </ClCompile>
    <ClCompile Include="PointCloudUtils.cpp">
      <Filter>Engine</Filter>
    </ClCompile>
    <ClCompile Include="StereoCalibrate.cpp">
      <Filter>Engine</Filter>
    </ClCompile>
    <ClCompile Include="StereoMatch.cpp">
      <Filter>Engine</Filter>
    </ClCompile>
    <ClCompile Include="main.cpp">
      <Filter>main</Filter>
    </ClCompile>
    <ClCompile Include="CalibrateParamEntity.cpp">
      <Filter>Entity</Filter>
    </ClCompile>
    <ClCompile Include="CalibrateController.cpp">
      <Filter>Controller</Filter>
    </ClCompile>
    <ClCompile Include="StereoMatchParamEntity.cpp">
      <Filter>Entity</Filter>
    </ClCompile>
    <ClCompile Include="StereoMatchController.cpp">
      <Filter>Controller</Filter>
    </ClCompile>
    <ClCompile Include="ObjectDetectionView.cpp">
      <Filter>View</Filter>
    </ClCompile>
    <ClCompile Include="CalibraterView.cpp">
      <Filter>View</Filter>
    </ClCompile>
    <ClCompile Include="CameraView.cpp">
      <Filter>View</Filter>
    </ClCompile>
    <ClCompile Include="MatcherView.cpp">
      <Filter>View</Filter>
    </ClCompile>
    <ClCompile Include="RulerView.cpp">
      <Filter>View</Filter>
    </ClCompile>
    <ClCompile Include="StereoCameraView.cpp">
      <Filter>View</Filter>
    </ClCompile>
    <ClCompile Include="WatchImageView.cpp">
      <Filter>View</Filter>
    </ClCompile>
    <ClCompile Include="ObjectDetectionEngine.cpp">
      <Filter>Engine</Filter>
    </ClCompile>
    <ClCompile Include="ObjectDetectionEntity.cpp">
      <Filter>Entity</Filter>
    </ClCompile>
    <ClCompile Include="LogView.cpp">
      <Filter>View</Filter>
    </ClCompile>
    <ClCompile Include="StdoutRedirector.cpp">
      <Filter>Utils</Filter>
    </ClCompile>
  </ItemGroup>
  <ItemGroup>
    <QtMoc Include="EvisionController.h">
      <Filter>Controller</Filter>
    </QtMoc>
    <QtMoc Include="EvisionParamEntity.h">
      <Filter>Entity</Filter>
    </QtMoc>
    <QtMoc Include="EvisionView.h">
      <Filter>View</Filter>
    </QtMoc>
    <QtMoc Include="StereoCalibrate.h">
      <Filter>Engine</Filter>
    </QtMoc>
    <QtMoc Include="StereoMatch.h">
      <Filter>Engine</Filter>
    </QtMoc>
    <QtMoc Include="CalibrateParamEntity.h">
      <Filter>Entity</Filter>
    </QtMoc>
    <QtMoc Include="CalibrateController.h">
      <Filter>Controller</Filter>
    </QtMoc>
    <QtMoc Include="StereoMatchParamEntity.h">
      <Filter>Entity</Filter>
    </QtMoc>
    <QtMoc Include="StereoMatchController.h">
      <Filter>Controller</Filter>
    </QtMoc>
    <QtMoc Include="ObjectDetectionView.h">
      <Filter>View</Filter>
    </QtMoc>
    <QtMoc Include="CalibraterView.h">
      <Filter>View</Filter>
    </QtMoc>
    <QtMoc Include="CameraView.h">
      <Filter>View</Filter>
    </QtMoc>
    <QtMoc Include="MatcherView.h">
      <Filter>View</Filter>
    </QtMoc>
    <QtMoc Include="RulerView.h">
      <Filter>View</Filter>
    </QtMoc>
    <QtMoc Include="StereoCameraView.h">
      <Filter>View</Filter>
    </QtMoc>
    <QtMoc Include="WatchImageView.h">
      <Filter>View</Filter>
    </QtMoc>
    <QtMoc Include="ObjectDetectionEngine.h">
      <Filter>Engine</Filter>
    </QtMoc>
    <QtMoc Include="ObjectDetectionEntity.h">
      <Filter>Entity</Filter>
    </QtMoc>
    <QtMoc Include="LogView.h">
      <Filter>View</Filter>
    </QtMoc>
    <QtMoc Include="StdoutRedirector.h">
      <Filter>Utils</Filter>
    </QtMoc>
  </ItemGroup>
  <ItemGroup>
    <QtUic Include="Evision.ui">
      <Filter>Form Files</Filter>
    </QtUic>
    <QtUic Include="ObjectDetectionView.ui">
      <Filter>Form Files</Filter>
    </QtUic>
    <QtUic Include="CalibraterView.ui">
      <Filter>Form Files</Filter>
    </QtUic>
    <QtUic Include="CameraView.ui">
      <Filter>Form Files</Filter>
    </QtUic>
    <QtUic Include="MatcherView.ui">
      <Filter>Form Files</Filter>
    </QtUic>
    <QtUic Include="RulerView.ui">
      <Filter>Form Files</Filter>
    </QtUic>
    <QtUic Include="StereoCameraView.ui">
      <Filter>Form Files</Filter>
    </QtUic>
    <QtUic Include="WatchImageView.ui">
      <Filter>Form Files</Filter>
    </QtUic>
    <QtUic Include="LogView.ui">
      <Filter>Form Files</Filter>
    </QtUic>
  </ItemGroup>
  <ItemGroup>
    <QtRcc Include="Evision.qrc">
      <Filter>Resource Files</Filter>
    </QtRcc>
  </ItemGroup>
  <ItemGroup>
    <ResourceCompile Include="Evision.rc" />
  </ItemGroup>
  <ItemGroup>
    <ClInclude Include="EvisionUtils.h">
      <Filter>Utils</Filter>
    </ClInclude>
    <ClInclude Include="PointCloudUtils.h">
      <Filter>Engine</Filter>
    </ClInclude>
    <ClInclude Include="yolo_v2_class.h">
      <Filter>Engine</Filter>
    </ClInclude>
  </ItemGroup>
</Project>