<?xml version="1.0" encoding="utf-8"?>
<Project ToolsVersion="4.0" xmlns="http://schemas.microsoft.com/developer/msbuild/2003">
  <ItemGroup>
    <Filter Include="源文件">
      <UniqueIdentifier>{4FC737F1-C7A5-4376-A066-2A32D752A2FF}</UniqueIdentifier>
      <Extensions>cpp;c;cc;cxx;def;odl;idl;hpj;bat;asm;asmx</Extensions>
    </Filter>
    <Filter Include="头文件">
      <UniqueIdentifier>{93995380-89BD-4b04-88EB-625FBE52EBFB}</UniqueIdentifier>
      <Extensions>h;hh;hpp;hxx;hm;inl;inc;xsd</Extensions>
    </Filter>
    <Filter Include="资源文件">
      <UniqueIdentifier>{67DA6AB6-F800-4c08-8B7A-83BB121AAD01}</UniqueIdentifier>
      <Extensions>rc;ico;cur;bmp;dlg;rc2;rct;bin;rgs;gif;jpg;jpeg;jpe;resx;tiff;tif;png;wav;mfcribbon-ms</Extensions>
    </Filter>
  </ItemGroup>
  <ItemGroup>
    <Text Include="ReadMe.txt" />
  </ItemGroup>
  <ItemGroup>
    <ClInclude Include="stdafx.h">
      <Filter>头文件</Filter>
    </ClInclude>
    <ClInclude Include="targetver.h">
      <Filter>头文件</Filter>
    </ClInclude>
    <ClInclude Include="MainFrm.h">
      <Filter>头文件</Filter>
    </ClInclude>
    <ClInclude Include="Resource.h">
      <Filter>头文件</Filter>
    </ClInclude>
    <ClInclude Include="OutputWnd.h">
      <Filter>头文件</Filter>
    </ClInclude>
    <ClInclude Include="Para1.h">
      <Filter>头文件</Filter>
    </ClInclude>
    <ClInclude Include="Para2.h">
      <Filter>头文件</Filter>
    </ClInclude>
    <ClInclude Include="Para3.h">
      <Filter>头文件</Filter>
    </ClInclude>
    <ClInclude Include="CvvImage.h">
      <Filter>头文件</Filter>
    </ClInclude>
    <ClInclude Include="calib.h">
      <Filter>头文件</Filter>
    </ClInclude>
    <ClInclude Include="StereoMatch.h">
      <Filter>头文件</Filter>
    </ClInclude>
    <ClInclude Include="PointCloudAnalyzer.h">
      <Filter>头文件</Filter>
    </ClInclude>
    <ClInclude Include="NewProject.h">
      <Filter>头文件</Filter>
    </ClInclude>
    <ClInclude Include="Para4.h">
      <Filter>头文件</Filter>
    </ClInclude>
    <ClInclude Include="DirectShowHelper.h">
      <Filter>头文件</Filter>
    </ClInclude>
    <ClInclude Include="EvisionLegacy.h">
      <Filter>头文件</Filter>
    </ClInclude>
    <ClInclude Include="EvisionLegacyDoc.h">
      <Filter>头文件</Filter>
    </ClInclude>
    <ClInclude Include="EvisionLegacyView.h">
      <Filter>头文件</Filter>
    </ClInclude>
  </ItemGroup>
  <ItemGroup>
    <ClCompile Include="stdafx.cpp">
      <Filter>源文件</Filter>
    </ClCompile>
    <ClCompile Include="MainFrm.cpp">
      <Filter>源文件</Filter>
    </ClCompile>
    <ClCompile Include="OutputWnd.cpp">
      <Filter>源文件</Filter>
    </ClCompile>
    <ClCompile Include="Para1.cpp">
      <Filter>源文件</Filter>
    </ClCompile>
    <ClCompile Include="Para2.cpp">
      <Filter>源文件</Filter>
    </ClCompile>
    <ClCompile Include="Para3.cpp">
      <Filter>源文件</Filter>
    </ClCompile>
    <ClCompile Include="CvvImage.cpp">
      <Filter>源文件</Filter>
    </ClCompile>
    <ClCompile Include="calib.cpp">
      <Filter>源文件</Filter>
    </ClCompile>
    <ClCompile Include="StereoMatch.cpp">
      <Filter>源文件</Filter>
    </ClCompile>
    <ClCompile Include="PointCloudAnalyzer.cpp">
      <Filter>源文件</Filter>
    </ClCompile>
    <ClCompile Include="NewProject.cpp">
      <Filter>源文件</Filter>
    </ClCompile>
    <ClCompile Include="Para4.cpp">
      <Filter>源文件</Filter>
    </ClCompile>
    <ClCompile Include="DirectShowHelper.cpp">
      <Filter>源文件</Filter>
    </ClCompile>
    <ClCompile Include="EvisionLegacy.cpp">
      <Filter>源文件</Filter>
    </ClCompile>
    <ClCompile Include="EvisionLegacyDoc.cpp">
      <Filter>源文件</Filter>
    </ClCompile>
    <ClCompile Include="EvisionLegacyView.cpp">
      <Filter>源文件</Filter>
    </ClCompile>
  </ItemGroup>
  <ItemGroup>
    <None Include="EvisionLegacy.reg" />
    <None Include="res\ribbon.mfcribbon-ms">
      <Filter>资源文件</Filter>
    </None>
    <None Include="res\Evision.rc2">
      <Filter>资源文件</Filter>
    </None>
  </ItemGroup>
  <ItemGroup>
    <Image Include="res\output_wnd.ico">
      <Filter>资源文件</Filter>
    </Image>
    <Image Include="res\output_wnd_hc.ico">
      <Filter>资源文件</Filter>
    </Image>
    <Image Include="res\buttons.bmp">
      <Filter>资源文件</Filter>
    </Image>
    <Image Include="res\filelarge.bmp">
      <Filter>资源文件</Filter>
    </Image>
    <Image Include="res\filesmall.bmp">
      <Filter>资源文件</Filter>
    </Image>
    <Image Include="res\main.bmp">
      <Filter>资源文件</Filter>
    </Image>
    <Image Include="res\writelarge.bmp">
      <Filter>资源文件</Filter>
    </Image>
    <Image Include="res\writesmall.bmp">
      <Filter>资源文件</Filter>
    </Image>
    <Image Include="res\Toolbar.bmp">
      <Filter>资源文件</Filter>
    </Image>
    <Image Include="res\Toolbar256.bmp">
      <Filter>资源文件</Filter>
    </Image>
    <Image Include="res\bitmap1.bmp">
      <Filter>资源文件</Filter>
    </Image>
    <Image Include="I:\下载\main.bmp">
      <Filter>资源文件</Filter>
    </Image>
    <Image Include="res\Evision.ico">
      <Filter>资源文件</Filter>
    </Image>
    <Image Include="res\EvisionDoc.ico">
      <Filter>资源文件</Filter>
    </Image>
  </ItemGroup>
  <ItemGroup>
    <ResourceCompile Include="Evision.rc">
      <Filter>资源文件</Filter>
    </ResourceCompile>
  </ItemGroup>
</Project>