
Microsoft Visual Studio Solution File, Format Version 12.00
# Visual Studio 15
VisualStudioVersion = 15.0.28010.2003
MinimumVisualStudioVersion = 10.0.40219.1
Project("{8BC9CEB8-8B4A-11D0-8D11-00A0C91BC942}") = "EvisionSandbox", "EvisionSandbox\EvisionSandbox.vcxproj", "{B12702AD-ABFB-343A-A199-8E24837244A3}"
	ProjectSection(ProjectDependencies) = postProject
		{D8FB0A1E-98A3-4017-B6D4-A7421987314F} = {D8FB0A1E-98A3-4017-B6D4-A7421987314F}
		{1A38C54A-D846-4329-8EE8-9C1AFDC58FFD} = {1A38C54A-D846-4329-8EE8-9C1AFDC58FFD}
		{4CF5694F-12A5-4012-8D94-9A0915E9FEB5} = {4CF5694F-12A5-4012-8D94-9A0915E9FEB5}
		{BDE071C3-DA9D-4B1D-B4AB-25A1D801E7F1} = {BDE071C3-DA9D-4B1D-B4AB-25A1D801E7F1}
	EndProjectSection
EndProject
Project("{8BC9CEB8-8B4A-11D0-8D11-00A0C91BC942}") = "EvisionObjDetection", "EvisionObjDetection\EvisionObjDetection.vcxproj", "{4CF5694F-12A5-4012-8D94-9A0915E9FEB5}"
EndProject
Project("{8BC9CEB8-8B4A-11D0-8D11-00A0C91BC942}") = "Evision3dViz", "Evision3dViz\Evision3dViz.vcxproj", "{BDE071C3-DA9D-4B1D-B4AB-25A1D801E7F1}"
EndProject
Project("{8BC9CEB8-8B4A-11D0-8D11-00A0C91BC942}") = "EvisionElas", "EvisionElas\EvisionElas.vcxproj", "{D8FB0A1E-98A3-4017-B6D4-A7421987314F}"
EndProject
Project("{8BC9CEB8-8B4A-11D0-8D11-00A0C91BC942}") = "EvisionADCensus", "EvisionADCensus\EvisionADCensus.vcxproj", "{1A38C54A-D846-4329-8EE8-9C1AFDC58FFD}"
EndProject
Project("{8BC9CEB8-8B4A-11D0-8D11-00A0C91BC942}") = "EvisionCloudViewer", "EvisionCloudViewer\EvisionCloudViewer.vcxproj", "{37BB86EC-C92F-4262-BE96-7976FFD6E7E6}"
EndProject
Global
	GlobalSection(SolutionConfigurationPlatforms) = preSolution
		Debug|x64 = Debug|x64
		Debug|x86 = Debug|x86
		Release|x64 = Release|x64
		Release|x86 = Release|x86
	EndGlobalSection
	GlobalSection(ProjectConfigurationPlatforms) = postSolution
		{B12702AD-ABFB-343A-A199-8E24837244A3}.Debug|x64.ActiveCfg = Debug|x64
		{B12702AD-ABFB-343A-A199-8E24837244A3}.Debug|x64.Build.0 = Debug|x64
		{B12702AD-ABFB-343A-A199-8E24837244A3}.Debug|x86.ActiveCfg = Debug|x64
		{B12702AD-ABFB-343A-A199-8E24837244A3}.Release|x64.ActiveCfg = Release|x64
		{B12702AD-ABFB-343A-A199-8E24837244A3}.Release|x64.Build.0 = Release|x64
		{B12702AD-ABFB-343A-A199-8E24837244A3}.Release|x86.ActiveCfg = Release|x64
		{4CF5694F-12A5-4012-8D94-9A0915E9FEB5}.Debug|x64.ActiveCfg = Debug|x64
		{4CF5694F-12A5-4012-8D94-9A0915E9FEB5}.Debug|x64.Build.0 = Debug|x64
		{4CF5694F-12A5-4012-8D94-9A0915E9FEB5}.Debug|x86.ActiveCfg = Debug|x64
		{4CF5694F-12A5-4012-8D94-9A0915E9FEB5}.Release|x64.ActiveCfg = Release|x64
		{4CF5694F-12A5-4012-8D94-9A0915E9FEB5}.Release|x64.Build.0 = Release|x64
		{4CF5694F-12A5-4012-8D94-9A0915E9FEB5}.Release|x86.ActiveCfg = Release|x64
		{BDE071C3-DA9D-4B1D-B4AB-25A1D801E7F1}.Debug|x64.ActiveCfg = Debug|x64
		{BDE071C3-DA9D-4B1D-B4AB-25A1D801E7F1}.Debug|x64.Build.0 = Debug|x64
		{BDE071C3-DA9D-4B1D-B4AB-25A1D801E7F1}.Debug|x86.ActiveCfg = Debug|x64
		{BDE071C3-DA9D-4B1D-B4AB-25A1D801E7F1}.Release|x64.ActiveCfg = Release|x64
		{BDE071C3-DA9D-4B1D-B4AB-25A1D801E7F1}.Release|x64.Build.0 = Release|x64
		{BDE071C3-DA9D-4B1D-B4AB-25A1D801E7F1}.Release|x86.ActiveCfg = Release|x64
		{D8FB0A1E-98A3-4017-B6D4-A7421987314F}.Debug|x64.ActiveCfg = Debug|x64
		{D8FB0A1E-98A3-4017-B6D4-A7421987314F}.Debug|x64.Build.0 = Debug|x64
		{D8FB0A1E-98A3-4017-B6D4-A7421987314F}.Debug|x86.ActiveCfg = Debug|x64
		{D8FB0A1E-98A3-4017-B6D4-A7421987314F}.Release|x64.ActiveCfg = Release|x64
		{D8FB0A1E-98A3-4017-B6D4-A7421987314F}.Release|x64.Build.0 = Release|x64
		{D8FB0A1E-98A3-4017-B6D4-A7421987314F}.Release|x86.ActiveCfg = Release|x64
		{1A38C54A-D846-4329-8EE8-9C1AFDC58FFD}.Debug|x64.ActiveCfg = Debug|x64
		{1A38C54A-D846-4329-8EE8-9C1AFDC58FFD}.Debug|x64.Build.0 = Debug|x64
		{1A38C54A-D846-4329-8EE8-9C1AFDC58FFD}.Debug|x86.ActiveCfg = Debug|x64
		{1A38C54A-D846-4329-8EE8-9C1AFDC58FFD}.Release|x64.ActiveCfg = Release|x64
		{1A38C54A-D846-4329-8EE8-9C1AFDC58FFD}.Release|x64.Build.0 = Release|x64
		{1A38C54A-D846-4329-8EE8-9C1AFDC58FFD}.Release|x86.ActiveCfg = Release|x64
		{37BB86EC-C92F-4262-BE96-7976FFD6E7E6}.Debug|x64.ActiveCfg = Debug|x64
		{37BB86EC-C92F-4262-BE96-7976FFD6E7E6}.Debug|x64.Build.0 = Debug|x64
		{37BB86EC-C92F-4262-BE96-7976FFD6E7E6}.Debug|x86.ActiveCfg = Debug|x64
		{37BB86EC-C92F-4262-BE96-7976FFD6E7E6}.Release|x64.ActiveCfg = Release|x64
		{37BB86EC-C92F-4262-BE96-7976FFD6E7E6}.Release|x64.Build.0 = Release|x64
		{37BB86EC-C92F-4262-BE96-7976FFD6E7E6}.Release|x86.ActiveCfg = Release|x64
	EndGlobalSection
	GlobalSection(SolutionProperties) = preSolution
		HideSolutionNode = FALSE
	EndGlobalSection
	GlobalSection(ExtensibilityGlobals) = postSolution
		Qt5Version = msvc2017_64
		SolutionGuid = {4E5A88CF-E7F9-487A-96B0-1A2E96298935}
	EndGlobalSection
EndGlobal
