
Microsoft Visual Studio Solution File, Format Version 12.00
# Visual Studio 15
VisualStudioVersion = 15.0.28010.2003
MinimumVisualStudioVersion = 10.0.40219.1
Project("{8BC9CEB8-8B4A-11D0-8D11-00A0C91BC942}") = "Evision", "Evision\Evision.vcxproj", "{B12702AD-ABFB-343A-A199-8E24837244A3}"
EndProject
Project("{2150E333-8FDC-42A3-9474-1A3956D46DE8}") = "Sample", "Sample", "{D8A75711-49E4-4A02-BD33-823924EDD371}"
EndProject
Project("{8BC9CEB8-8B4A-11D0-8D11-00A0C91BC942}") = "stereo_calib", "stereo_calib\stereo_calib.vcxproj", "{0478589E-3E96-4D34-928A-671D3DA42341}"
EndProject
Project("{8BC9CEB8-8B4A-11D0-8D11-00A0C91BC942}") = "calibration", "calibration\calibration.vcxproj", "{37A09D7A-E956-4139-BA59-EE3EDA7DA66A}"
EndProject
Project("{8BC9CEB8-8B4A-11D0-8D11-00A0C91BC942}") = "imagelist_creator", "imagelist_creator\imagelist_creator.vcxproj", "{F18726BB-A1B0-486C-961A-4F8AE3BBF70F}"
EndProject
Project("{8BC9CEB8-8B4A-11D0-8D11-00A0C91BC942}") = "stereo_match", "stereo_match\stereo_match.vcxproj", "{19AE22D4-56E0-490A-91E6-D3E2FF376980}"
EndProject
Global
	GlobalSection(SolutionConfigurationPlatforms) = preSolution
		Debug|x64 = Debug|x64
		Debug|x86 = Debug|x86
		Release|x64 = Release|x64
		Release|x86 = Release|x86
	EndGlobalSection
	GlobalSection(ProjectConfigurationPlatforms) = postSolution
		{B12702AD-ABFB-343A-A199-8E24837244A3}.Debug|x64.ActiveCfg = Debug|x64
		{B12702AD-ABFB-343A-A199-8E24837244A3}.Debug|x64.Build.0 = Debug|x64
		{B12702AD-ABFB-343A-A199-8E24837244A3}.Debug|x86.ActiveCfg = Debug|x64
		{B12702AD-ABFB-343A-A199-8E24837244A3}.Release|x64.ActiveCfg = Release|x64
		{B12702AD-ABFB-343A-A199-8E24837244A3}.Release|x64.Build.0 = Release|x64
		{B12702AD-ABFB-343A-A199-8E24837244A3}.Release|x86.ActiveCfg = Release|x64
		{0478589E-3E96-4D34-928A-671D3DA42341}.Debug|x64.ActiveCfg = Debug|x64
		{0478589E-3E96-4D34-928A-671D3DA42341}.Debug|x64.Build.0 = Debug|x64
		{0478589E-3E96-4D34-928A-671D3DA42341}.Debug|x86.ActiveCfg = Debug|x64
		{0478589E-3E96-4D34-928A-671D3DA42341}.Release|x64.ActiveCfg = Release|x64
		{0478589E-3E96-4D34-928A-671D3DA42341}.Release|x64.Build.0 = Release|x64
		{0478589E-3E96-4D34-928A-671D3DA42341}.Release|x86.ActiveCfg = Release|x64
		{37A09D7A-E956-4139-BA59-EE3EDA7DA66A}.Debug|x64.ActiveCfg = Debug|x64
		{37A09D7A-E956-4139-BA59-EE3EDA7DA66A}.Debug|x64.Build.0 = Debug|x64
		{37A09D7A-E956-4139-BA59-EE3EDA7DA66A}.Debug|x86.ActiveCfg = Debug|x64
		{37A09D7A-E956-4139-BA59-EE3EDA7DA66A}.Release|x64.ActiveCfg = Release|x64
		{37A09D7A-E956-4139-BA59-EE3EDA7DA66A}.Release|x64.Build.0 = Release|x64
		{37A09D7A-E956-4139-BA59-EE3EDA7DA66A}.Release|x86.ActiveCfg = Release|x64
		{F18726BB-A1B0-486C-961A-4F8AE3BBF70F}.Debug|x64.ActiveCfg = Debug|x64
		{F18726BB-A1B0-486C-961A-4F8AE3BBF70F}.Debug|x64.Build.0 = Debug|x64
		{F18726BB-A1B0-486C-961A-4F8AE3BBF70F}.Debug|x86.ActiveCfg = Debug|x64
		{F18726BB-A1B0-486C-961A-4F8AE3BBF70F}.Release|x64.ActiveCfg = Release|x64
		{F18726BB-A1B0-486C-961A-4F8AE3BBF70F}.Release|x64.Build.0 = Release|x64
		{F18726BB-A1B0-486C-961A-4F8AE3BBF70F}.Release|x86.ActiveCfg = Release|x64
		{19AE22D4-56E0-490A-91E6-D3E2FF376980}.Debug|x64.ActiveCfg = Debug|x64
		{19AE22D4-56E0-490A-91E6-D3E2FF376980}.Debug|x64.Build.0 = Debug|x64
		{19AE22D4-56E0-490A-91E6-D3E2FF376980}.Debug|x86.ActiveCfg = Debug|x64
		{19AE22D4-56E0-490A-91E6-D3E2FF376980}.Release|x64.ActiveCfg = Release|x64
		{19AE22D4-56E0-490A-91E6-D3E2FF376980}.Release|x64.Build.0 = Release|x64
		{19AE22D4-56E0-490A-91E6-D3E2FF376980}.Release|x86.ActiveCfg = Release|x64
	EndGlobalSection
	GlobalSection(SolutionProperties) = preSolution
		HideSolutionNode = FALSE
	EndGlobalSection
	GlobalSection(NestedProjects) = preSolution
		{0478589E-3E96-4D34-928A-671D3DA42341} = {D8A75711-49E4-4A02-BD33-823924EDD371}
		{37A09D7A-E956-4139-BA59-EE3EDA7DA66A} = {D8A75711-49E4-4A02-BD33-823924EDD371}
		{F18726BB-A1B0-486C-961A-4F8AE3BBF70F} = {D8A75711-49E4-4A02-BD33-823924EDD371}
		{19AE22D4-56E0-490A-91E6-D3E2FF376980} = {D8A75711-49E4-4A02-BD33-823924EDD371}
	EndGlobalSection
	GlobalSection(ExtensibilityGlobals) = postSolution
		SolutionGuid = {4E5A88CF-E7F9-487A-96B0-1A2E96298935}
	EndGlobalSection
EndGlobal
